
Microsoft Visual Studio Solution File, Format Version 12.00
# Visual Studio Version 16
VisualStudioVersion = 16.0.31112.23
MinimumVisualStudioVersion = 10.0.40219.1
Project("{FAE04EC0-301F-11D3-BF4B-00C04F79EFBC}") = "Simple.WebAPI", "Simple.WebAPI\Simple.WebAPI.csproj", "{FD15BF13-B3C7-4D05-A46C-9A478A5ED592}"
EndProject
Global
	GlobalSection(SolutionConfigurationPlatforms) = preSolution
		Debug|Any CPU = Debug|Any CPU
		Release|Any CPU = Release|Any CPU
	EndGlobalSection
	GlobalSection(ProjectConfigurationPlatforms) = postSolution
		{FD15BF13-B3C7-4D05-A46C-9A478A5ED592}.Debug|Any CPU.ActiveCfg = Debug|Any CPU
		{FD15BF13-B3C7-4D05-A46C-9A478A5ED592}.Debug|Any CPU.Build.0 = Debug|Any CPU
		{FD15BF13-B3C7-4D05-A46C-9A478A5ED592}.Release|Any CPU.ActiveCfg = Release|Any CPU
		{FD15BF13-B3C7-4D05-A46C-9A478A5ED592}.Release|Any CPU.Build.0 = Release|Any CPU
	EndGlobalSection
	GlobalSection(SolutionProperties) = preSolution
		HideSolutionNode = FALSE
	EndGlobalSection
	GlobalSection(ExtensibilityGlobals) = postSolution
		SolutionGuid = {8A2CDF70-CB19-45CD-99AE-DEAF284C266E}
	EndGlobalSection
EndGlobal
